
Microsoft Visual Studio Solution File, Format Version 12.00
# Visual Studio Version 17
VisualStudioVersion = 17.8.34322.80
MinimumVisualStudioVersion = 10.0.40219.1
Project("{8BC9CEB8-8B4A-11D0-8D11-00A0C91BC942}") = "PG2_18", "PG2_18.vcxproj", "{A6319CB1-77FF-42F0-9A31-B42DF5BE7854}"
EndProject
Global
	GlobalSection(SolutionConfigurationPlatforms) = preSolution
		Debug|x64 = Debug|x64
		Release|x64 = Release|x64
	EndGlobalSection
	GlobalSection(ProjectConfigurationPlatforms) = postSolution
		{A6319CB1-77FF-42F0-9A31-B42DF5BE7854}.Debug|x64.ActiveCfg = Debug|x64
		{A6319CB1-77FF-42F0-9A31-B42DF5BE7854}.Debug|x64.Build.0 = Debug|x64
		{A6319CB1-77FF-42F0-9A31-B42DF5BE7854}.Release|x64.ActiveCfg = Release|x64
		{A6319CB1-77FF-42F0-9A31-B42DF5BE7854}.Release|x64.Build.0 = Release|x64
	EndGlobalSection
	GlobalSection(SolutionProperties) = preSolution
		HideSolutionNode = FALSE
	EndGlobalSection
	GlobalSection(ExtensibilityGlobals) = postSolution
		SolutionGuid = {EF54993C-ECCD-4C2A-A84D-6037D0D1183A}
	EndGlobalSection
EndGlobal
